// !$*UTF8*$!
{
	archiveVersion = 1;
	classes = {
	};
	objectVersion = 50;
	objects = {

/* Begin PBXBuildFile section */
		318D8F0C23D844610035DC4E /* AppDelegate.swift in Sources */ = {isa = PBXBuildFile; fileRef = 318D8F0B23D844610035DC4E /* AppDelegate.swift */; };
		318D8F0E23D844610035DC4E /* SceneDelegate.swift in Sources */ = {isa = PBXBuildFile; fileRef = 318D8F0D23D844610035DC4E /* SceneDelegate.swift */; };
		318D8F1023D844610035DC4E /* ViewController.swift in Sources */ = {isa = PBXBuildFile; fileRef = 318D8F0F23D844610035DC4E /* ViewController.swift */; };
		318D8F1323D844610035DC4E /* Main.storyboard in Resources */ = {isa = PBXBuildFile; fileRef = 318D8F1123D844610035DC4E /* Main.storyboard */; };
		318D8F1523D844630035DC4E /* Assets.xcassets in Resources */ = {isa = PBXBuildFile; fileRef = 318D8F1423D844630035DC4E /* Assets.xcassets */; };
		318D8F1823D844630035DC4E /* LaunchScreen.storyboard in Resources */ = {isa = PBXBuildFile; fileRef = 318D8F1623D844630035DC4E /* LaunchScreen.storyboard */; };
		318D8F2023D852EC0035DC4E /* DAO.swift in Sources */ = {isa = PBXBuildFile; fileRef = 318D8F1F23D852EC0035DC4E /* DAO.swift */; };
		318D8F2223D853A80035DC4E /* Post.swift in Sources */ = {isa = PBXBuildFile; fileRef = 318D8F2123D853A80035DC4E /* Post.swift */; };
		318D8F2423D85E8E0035DC4E /* PostCollectionViewCell.swift in Sources */ = {isa = PBXBuildFile; fileRef = 318D8F2323D85E8E0035DC4E /* PostCollectionViewCell.swift */; };
/* End PBXBuildFile section */

/* Begin PBXFileReference section */
		318D8F0823D844610035DC4E /* SwiftRESTDemo.app */ = {isa = PBXFileReference; explicitFileType = wrapper.application; includeInIndex = 0; path = SwiftRESTDemo.app; sourceTree = BUILT_PRODUCTS_DIR; };
		318D8F0B23D844610035DC4E /* AppDelegate.swift */ = {isa = PBXFileReference; lastKnownFileType = sourcecode.swift; path = AppDelegate.swift; sourceTree = "<group>"; };
		318D8F0D23D844610035DC4E /* SceneDelegate.swift */ = {isa = PBXFileReference; lastKnownFileType = sourcecode.swift; path = SceneDelegate.swift; sourceTree = "<group>"; };
		318D8F0F23D844610035DC4E /* ViewController.swift */ = {isa = PBXFileReference; lastKnownFileType = sourcecode.swift; path = ViewController.swift; sourceTree = "<group>"; };
		318D8F1223D844610035DC4E /* Base */ = {isa = PBXFileReference; lastKnownFileType = file.storyboard; name = Base; path = Base.lproj/Main.storyboard; sourceTree = "<group>"; };
		318D8F1423D844630035DC4E /* Assets.xcassets */ = {isa = PBXFileReference; lastKnownFileType = folder.assetcatalog; path = Assets.xcassets; sourceTree = "<group>"; };
		318D8F1723D844630035DC4E /* Base */ = {isa = PBXFileReference; lastKnownFileType = file.storyboard; name = Base; path = Base.lproj/LaunchScreen.storyboard; sourceTree = "<group>"; };
		318D8F1923D844630035DC4E /* Info.plist */ = {isa = PBXFileReference; lastKnownFileType = text.plist.xml; path = Info.plist; sourceTree = "<group>"; };
		318D8F1F23D852EC0035DC4E /* DAO.swift */ = {isa = PBXFileReference; lastKnownFileType = sourcecode.swift; path = DAO.swift; sourceTree = "<group>"; };
		318D8F2123D853A80035DC4E /* Post.swift */ = {isa = PBXFileReference; lastKnownFileType = sourcecode.swift; path = Post.swift; sourceTree = "<group>"; };
		318D8F2323D85E8E0035DC4E /* PostCollectionViewCell.swift */ = {isa = PBXFileReference; lastKnownFileType = sourcecode.swift; path = PostCollectionViewCell.swift; sourceTree = "<group>"; };
/* End PBXFileReference section */

/* Begin PBXFrameworksBuildPhase section */
		318D8F0523D844610035DC4E /* Frameworks */ = {
			isa = PBXFrameworksBuildPhase;
			buildActionMask = 2147483647;
			files = (
			);
			runOnlyForDeploymentPostprocessing = 0;
		};
/* End PBXFrameworksBuildPhase section */

/* Begin PBXGroup section */
		318D8EFF23D844610035DC4E = {
			isa = PBXGroup;
			children = (
				318D8F0A23D844610035DC4E /* SwiftRESTDemo */,
				318D8F0923D844610035DC4E /* Products */,
			);
			sourceTree = "<group>";
		};
		318D8F0923D844610035DC4E /* Products */ = {
			isa = PBXGroup;
			children = (
				318D8F0823D844610035DC4E /* SwiftRESTDemo.app */,
			);
			name = Products;
			sourceTree = "<group>";
		};
		318D8F0A23D844610035DC4E /* SwiftRESTDemo */ = {
			isa = PBXGroup;
			children = (
				318D8F0B23D844610035DC4E /* AppDelegate.swift */,
				318D8F0D23D844610035DC4E /* SceneDelegate.swift */,
				318D8F0F23D844610035DC4E /* ViewController.swift */,
				318D8F1123D844610035DC4E /* Main.storyboard */,
				318D8F1423D844630035DC4E /* Assets.xcassets */,
				318D8F1623D844630035DC4E /* LaunchScreen.storyboard */,
				318D8F1923D844630035DC4E /* Info.plist */,
				318D8F1F23D852EC0035DC4E /* DAO.swift */,
				318D8F2123D853A80035DC4E /* Post.swift */,
				318D8F2323D85E8E0035DC4E /* PostCollectionViewCell.swift */,
			);
			path = SwiftRESTDemo;
			sourceTree = "<group>";
		};
/* End PBXGroup section */

/* Begin PBXNativeTarget section */
		318D8F0723D844610035DC4E /* SwiftRESTDemo */ = {
			isa = PBXNativeTarget;
			buildConfigurationList = 318D8F1C23D844630035DC4E /* Build configuration list for PBXNativeTarget "SwiftRESTDemo" */;
			buildPhases = (
				318D8F0423D844610035DC4E /* Sources */,
				318D8F0523D844610035DC4E /* Frameworks */,
				318D8F0623D844610035DC4E /* Resources */,
			);
			buildRules = (
			);
			dependencies = (
			);
			name = SwiftRESTDemo;
			productName = SwiftRESTDemo;
			productReference = 318D8F0823D844610035DC4E /* SwiftRESTDemo.app */;
			productType = "com.apple.product-type.application";
		};
/* End PBXNativeTarget section */

/* Begin PBXProject section */
		318D8F0023D844610035DC4E /* Project object */ = {
			isa = PBXProject;
			attributes = {
				LastSwiftUpdateCheck = 1130;
				LastUpgradeCheck = 1130;
				ORGANIZATIONNAME = mobapp15;
				TargetAttributes = {
					318D8F0723D844610035DC4E = {
						CreatedOnToolsVersion = 11.3;
					};
				};
			};
			buildConfigurationList = 318D8F0323D844610035DC4E /* Build configuration list for PBXProject "SwiftRESTDemo" */;
			compatibilityVersion = "Xcode 9.3";
			developmentRegion = en;
			hasScannedForEncodings = 0;
			knownRegions = (
				en,
				Base,
			);
			mainGroup = 318D8EFF23D844610035DC4E;
			productRefGroup = 318D8F0923D844610035DC4E /* Products */;
			projectDirPath = "";
			projectRoot = "";
			targets = (
				318D8F0723D844610035DC4E /* SwiftRESTDemo */,
			);
		};
/* End PBXProject section */

/* Begin PBXResourcesBuildPhase section */
		318D8F0623D844610035DC4E /* Resources */ = {
			isa = PBXResourcesBuildPhase;
			buildActionMask = 2147483647;
			files = (
				318D8F1823D844630035DC4E /* LaunchScreen.storyboard in Resources */,
				318D8F1523D844630035DC4E /* Assets.xcassets in Resources */,
				318D8F1323D844610035DC4E /* Main.storyboard in Resources */,
			);
			runOnlyForDeploymentPostprocessing = 0;
		};
/* End PBXResourcesBuildPhase section */

/* Begin PBXSourcesBuildPhase section */
		318D8F0423D844610035DC4E /* Sources */ = {
			isa = PBXSourcesBuildPhase;
			buildActionMask = 2147483647;
			files = (
				318D8F2023D852EC0035DC4E /* DAO.swift in Sources */,
				318D8F1023D844610035DC4E /* ViewController.swift in Sources */,
				318D8F2423D85E8E0035DC4E /* PostCollectionViewCell.swift in Sources */,
				318D8F0C23D844610035DC4E /* AppDelegate.swift in Sources */,
				318D8F0E23D844610035DC4E /* SceneDelegate.swift in Sources */,
				318D8F2223D853A80035DC4E /* Post.swift in Sources */,
			);
			runOnlyForDeploymentPostprocessing = 0;
		};
/* End PBXSourcesBuildPhase section */

/* Begin PBXVariantGroup section */
		318D8F1123D844610035DC4E /* Main.storyboard */ = {
			isa = PBXVariantGroup;
			children = (
				318D8F1223D844610035DC4E /* Base */,
			);
			name = Main.storyboard;
			sourceTree = "<group>";
		};
		318D8F1623D844630035DC4E /* LaunchScreen.storyboard */ = {
			isa = PBXVariantGroup;
			children = (
				318D8F1723D844630035DC4E /* Base */,
			);
			name = LaunchScreen.storyboard;
			sourceTree = "<group>";
		};
/* End PBXVariantGroup section */

/* Begin XCBuildConfiguration section */
		318D8F1A23D844630035DC4E /* Debug */ = {
			isa = XCBuildConfiguration;
			buildSettings = {
				ALWAYS_SEARCH_USER_PATHS = NO;
				CLANG_ANALYZER_NONNULL = YES;
				CLANG_ANALYZER_NUMBER_OBJECT_CONVERSION = YES_AGGRESSIVE;
				CLANG_CXX_LANGUAGE_STANDARD = "gnu++14";
				CLANG_CXX_LIBRARY = "libc++";
				CLANG_ENABLE_MODULES = YES;
				CLANG_ENABLE_OBJC_ARC = YES;
				CLANG_ENABLE_OBJC_WEAK = YES;
				CLANG_WARN_BLOCK_CAPTURE_AUTORELEASING = YES;
				CLANG_WARN_BOOL_CONVERSION = YES;
				CLANG_WARN_COMMA = YES;
				CLANG_WARN_CONSTANT_CONVERSION = YES;
				CLANG_WARN_DEPRECATED_OBJC_IMPLEMENTATIONS = YES;
				CLANG_WARN_DIRECT_OBJC_ISA_USAGE = YES_ERROR;
				CLANG_WARN_DOCUMENTATION_COMMENTS = YES;
				CLANG_WARN_EMPTY_BODY = YES;
				CLANG_WARN_ENUM_CONVERSION = YES;
				CLANG_WARN_INFINITE_RECURSION = YES;
				CLANG_WARN_INT_CONVERSION = YES;
				CLANG_WARN_NON_LITERAL_NULL_CONVERSION = YES;
				CLANG_WARN_OBJC_IMPLICIT_RETAIN_SELF = YES;
				CLANG_WARN_OBJC_LITERAL_CONVERSION = YES;
				CLANG_WARN_OBJC_ROOT_CLASS = YES_ERROR;
				CLANG_WARN_RANGE_LOOP_ANALYSIS = YES;
				CLANG_WARN_STRICT_PROTOTYPES = YES;
				CLANG_WARN_SUSPICIOUS_MOVE = YES;
				CLANG_WARN_UNGUARDED_AVAILABILITY = YES_AGGRESSIVE;
				CLANG_WARN_UNREACHABLE_CODE = YES;
				CLANG_WARN__DUPLICATE_METHOD_MATCH = YES;
				COPY_PHASE_STRIP = NO;
				DEBUG_INFORMATION_FORMAT = dwarf;
				ENABLE_STRICT_OBJC_MSGSEND = YES;
				ENABLE_TESTABILITY = YES;
				GCC_C_LANGUAGE_STANDARD = gnu11;
				GCC_DYNAMIC_NO_PIC = NO;
				GCC_NO_COMMON_BLOCKS = YES;
				GCC_OPTIMIZATION_LEVEL = 0;
				GCC_PREPROCESSOR_DEFINITIONS = (
					"DEBUG=1",
					"$(inherited)",
				);
				GCC_WARN_64_TO_32_BIT_CONVERSION = YES;
				GCC_WARN_ABOUT_RETURN_TYPE = YES_ERROR;
				GCC_WARN_UNDECLARED_SELECTOR = YES;
				GCC_WARN_UNINITIALIZED_AUTOS = YES_AGGRESSIVE;
				GCC_WARN_UNUSED_FUNCTION = YES;
				GCC_WARN_UNUSED_VARIABLE = YES;
				IPHONEOS_DEPLOYMENT_TARGET = 13.2;
				MTL_ENABLE_DEBUG_INFO = INCLUDE_SOURCE;
				MTL_FAST_MATH = YES;
				ONLY_ACTIVE_ARCH = YES;
				SDKROOT = iphoneos;
				SWIFT_ACTIVE_COMPILATION_CONDITIONS = DEBUG;
				SWIFT_OPTIMIZATION_LEVEL = "-Onone";
			};
			name = Debug;
		};
		318D8F1B23D844630035DC4E /* Release */ = {
			isa = XCBuildConfiguration;
			buildSettings = {
				ALWAYS_SEARCH_USER_PATHS = NO;
				CLANG_ANALYZER_NONNULL = YES;
				CLANG_ANALYZER_NUMBER_OBJECT_CONVERSION = YES_AGGRESSIVE;
				CLANG_CXX_LANGUAGE_STANDARD = "gnu++14";
				CLANG_CXX_LIBRARY = "libc++";
				CLANG_ENABLE_MODULES = YES;
				CLANG_ENABLE_OBJC_ARC = YES;
				CLANG_ENABLE_OBJC_WEAK = YES;
				CLANG_WARN_BLOCK_CAPTURE_AUTORELEASING = YES;
				CLANG_WARN_BOOL_CONVERSION = YES;
				CLANG_WARN_COMMA = YES;
				CLANG_WARN_CONSTANT_CONVERSION = YES;
				CLANG_WARN_DEPRECATED_OBJC_IMPLEMENTATIONS = YES;
				CLANG_WARN_DIRECT_OBJC_ISA_USAGE = YES_ERROR;
				CLANG_WARN_DOCUMENTATION_COMMENTS = YES;
				CLANG_WARN_EMPTY_BODY = YES;
				CLANG_WARN_ENUM_CONVERSION = YES;
				CLANG_WARN_INFINITE_RECURSION = YES;
				CLANG_WARN_INT_CONVERSION = YES;
				CLANG_WARN_NON_LITERAL_NULL_CONVERSION = YES;
				CLANG_WARN_OBJC_IMPLICIT_RETAIN_SELF = YES;
				CLANG_WARN_OBJC_LITERAL_CONVERSION = YES;
				CLANG_WARN_OBJC_ROOT_CLASS = YES_ERROR;
				CLANG_WARN_RANGE_LOOP_ANALYSIS = YES;
				CLANG_WARN_STRICT_PROTOTYPES = YES;
				CLANG_WARN_SUSPICIOUS_MOVE = YES;
				CLANG_WARN_UNGUARDED_AVAILABILITY = YES_AGGRESSIVE;
				CLANG_WARN_UNREACHABLE_CODE = YES;
				CLANG_WARN__DUPLICATE_METHOD_MATCH = YES;
				COPY_PHASE_STRIP = NO;
				DEBUG_INFORMATION_FORMAT = "dwarf-with-dsym";
				ENABLE_NS_ASSERTIONS = NO;
				ENABLE_STRICT_OBJC_MSGSEND = YES;
				GCC_C_LANGUAGE_STANDARD = gnu11;
				GCC_NO_COMMON_BLOCKS = YES;
				GCC_WARN_64_TO_32_BIT_CONVERSION = YES;
				GCC_WARN_ABOUT_RETURN_TYPE = YES_ERROR;
				GCC_WARN_UNDECLARED_SELECTOR = YES;
				GCC_WARN_UNINITIALIZED_AUTOS = YES_AGGRESSIVE;
				GCC_WARN_UNUSED_FUNCTION = YES;
				GCC_WARN_UNUSED_VARIABLE = YES;
				IPHONEOS_DEPLOYMENT_TARGET = 13.2;
				MTL_ENABLE_DEBUG_INFO = NO;
				MTL_FAST_MATH = YES;
				SDKROOT = iphoneos;
				SWIFT_COMPILATION_MODE = wholemodule;
				SWIFT_OPTIMIZATION_LEVEL = "-O";
				VALIDATE_PRODUCT = YES;
			};
			name = Release;
		};
		318D8F1D23D844630035DC4E /* Debug */ = {
			isa = XCBuildConfiguration;
			buildSettings = {
				ASSETCATALOG_COMPILER_APPICON_NAME = AppIcon;
				CODE_SIGN_STYLE = Automatic;
				INFOPLIST_FILE = SwiftRESTDemo/Info.plist;
				LD_RUNPATH_SEARCH_PATHS = (
					"$(inherited)",
					"@executable_path/Frameworks",
				);
				PRODUCT_BUNDLE_IDENTIFIER = deloof.wouter.SwiftRESTDemo;
				PRODUCT_NAME = "$(TARGET_NAME)";
				SWIFT_VERSION = 5.0;
				TARGETED_DEVICE_FAMILY = 1;
			};
			name = Debug;
		};
		318D8F1E23D844630035DC4E /* Release */ = {
			isa = XCBuildConfiguration;
			buildSettings = {
				ASSETCATALOG_COMPILER_APPICON_NAME = AppIcon;
				CODE_SIGN_STYLE = Automatic;
				INFOPLIST_FILE = SwiftRESTDemo/Info.plist;
				LD_RUNPATH_SEARCH_PATHS = (
					"$(inherited)",
					"@executable_path/Frameworks",
				);
				PRODUCT_BUNDLE_IDENTIFIER = deloof.wouter.SwiftRESTDemo;
				PRODUCT_NAME = "$(TARGET_NAME)";
				SWIFT_VERSION = 5.0;
				TARGETED_DEVICE_FAMILY = 1;
			};
			name = Release;
		};
/* End XCBuildConfiguration section */

/* Begin XCConfigurationList section */
		318D8F0323D844610035DC4E /* Build configuration list for PBXProject "SwiftRESTDemo" */ = {
			isa = XCConfigurationList;
			buildConfigurations = (
				318D8F1A23D844630035DC4E /* Debug */,
				318D8F1B23D844630035DC4E /* Release */,
			);
			defaultConfigurationIsVisible = 0;
			defaultConfigurationName = Release;
		};
		318D8F1C23D844630035DC4E /* Build configuration list for PBXNativeTarget "SwiftRESTDemo" */ = {
			isa = XCConfigurationList;
			buildConfigurations = (
				318D8F1D23D844630035DC4E /* Debug */,
				318D8F1E23D844630035DC4E /* Release */,
			);
			defaultConfigurationIsVisible = 0;
			defaultConfigurationName = Release;
		};
/* End XCConfigurationList section */
	};
	rootObject = 318D8F0023D844610035DC4E /* Project object */;
}
